// !$*UTF8*$!
{
	archiveVersion = 1;
	classes = {
	};
	objectVersion = 55;
	objects = {

/* Begin PBXBuildFile section */
		F82FB57328C640880017E307 /* CouchApp.swift in Sources */ = {isa = PBXBuildFile; fileRef = F82FB57228C640880017E307 /* CouchApp.swift */; };
		F82FB57528C640880017E307 /* MoviesListView.swift in Sources */ = {isa = PBXBuildFile; fileRef = F82FB57428C640880017E307 /* MoviesListView.swift */; };
		F82FB57728C640880017E307 /* Assets.xcassets in Resources */ = {isa = PBXBuildFile; fileRef = F82FB57628C640880017E307 /* Assets.xcassets */; };
		F82FB57A28C640880017E307 /* Preview Assets.xcassets in Resources */ = {isa = PBXBuildFile; fileRef = F82FB57928C640880017E307 /* Preview Assets.xcassets */; };
		F82FB58428C640890017E307 /* CouchTests.swift in Sources */ = {isa = PBXBuildFile; fileRef = F82FB58328C640890017E307 /* CouchTests.swift */; };
		F82FB58E28C640890017E307 /* CouchUITests.swift in Sources */ = {isa = PBXBuildFile; fileRef = F82FB58D28C640890017E307 /* CouchUITests.swift */; };
		F82FB59028C640890017E307 /* CouchUITestsLaunchTests.swift in Sources */ = {isa = PBXBuildFile; fileRef = F82FB58F28C640890017E307 /* CouchUITestsLaunchTests.swift */; };
		F82FB5A528C671BC0017E307 /* HomeView.swift in Sources */ = {isa = PBXBuildFile; fileRef = F82FB5A428C671BC0017E307 /* HomeView.swift */; };
		F82FB5A728C6818D0017E307 /* Constants.swift in Sources */ = {isa = PBXBuildFile; fileRef = F82FB5A628C6818D0017E307 /* Constants.swift */; };
		F82FB5AB28C685740017E307 /* FilterBarView.swift in Sources */ = {isa = PBXBuildFile; fileRef = F82FB5AA28C685740017E307 /* FilterBarView.swift */; };
		F82FB5AD28C689460017E307 /* HomeViewModel.swift in Sources */ = {isa = PBXBuildFile; fileRef = F82FB5AC28C689460017E307 /* HomeViewModel.swift */; };
		F82FB5B228C693A00017E307 /* MovieDetailsView.swift in Sources */ = {isa = PBXBuildFile; fileRef = F82FB5B128C693A00017E307 /* MovieDetailsView.swift */; };
		F82FB5B628C6A33F0017E307 /* UIColors.swift in Sources */ = {isa = PBXBuildFile; fileRef = F82FB5B528C6A33F0017E307 /* UIColors.swift */; };
		F82FB5B828C6A3490017E307 /* Texts.swift in Sources */ = {isa = PBXBuildFile; fileRef = F82FB5B728C6A3490017E307 /* Texts.swift */; };
		F82FB5BA28C6A3580017E307 /* Symbols.swift in Sources */ = {isa = PBXBuildFile; fileRef = F82FB5B928C6A3580017E307 /* Symbols.swift */; };
		F83A9DBE28CB590D00EEA60E /* Files.swift in Sources */ = {isa = PBXBuildFile; fileRef = F83A9DBD28CB590D00EEA60E /* Files.swift */; };
		F83A9DC028CB5C9700EEA60E /* LocalFileManaging.swift in Sources */ = {isa = PBXBuildFile; fileRef = F83A9DBF28CB5C9700EEA60E /* LocalFileManaging.swift */; };
		F84881EE28C798100010AD19 /* MovieModel.swift in Sources */ = {isa = PBXBuildFile; fileRef = F84881ED28C798100010AD19 /* MovieModel.swift */; };
		F84881F128C7991C0010AD19 /* MoviesService.swift in Sources */ = {isa = PBXBuildFile; fileRef = F84881F028C7991C0010AD19 /* MoviesService.swift */; };
		F84881F328C79E090010AD19 /* MoviesResponse.swift in Sources */ = {isa = PBXBuildFile; fileRef = F84881F228C79E090010AD19 /* MoviesResponse.swift */; };
		F84881F628C7A0320010AD19 /* NetworkManager.swift in Sources */ = {isa = PBXBuildFile; fileRef = F84881F528C7A0320010AD19 /* NetworkManager.swift */; };
		F84881F828C7A4750010AD19 /* APIs.swift in Sources */ = {isa = PBXBuildFile; fileRef = F84881F728C7A4750010AD19 /* APIs.swift */; };
		F84881FA28C7A6E10010AD19 /* APIRequest.swift in Sources */ = {isa = PBXBuildFile; fileRef = F84881F928C7A6E10010AD19 /* APIRequest.swift */; };
		F848820228C7D3800010AD19 /* MovieGridCell.swift in Sources */ = {isa = PBXBuildFile; fileRef = F848820128C7D3800010AD19 /* MovieGridCell.swift */; };
		F848820428C7D84E0010AD19 /* Errors.swift in Sources */ = {isa = PBXBuildFile; fileRef = F848820328C7D84E0010AD19 /* Errors.swift */; };
		F877FF9328CA344100993040 /* PaginationManager.swift in Sources */ = {isa = PBXBuildFile; fileRef = F877FF9228CA344100993040 /* PaginationManager.swift */; };
		F877FF9528CA3F9B00993040 /* DownloadImageService.swift in Sources */ = {isa = PBXBuildFile; fileRef = F877FF9428CA3F9B00993040 /* DownloadImageService.swift */; };
		F877FF9728CA48A500993040 /* ImageSizes.swift in Sources */ = {isa = PBXBuildFile; fileRef = F877FF9628CA48A500993040 /* ImageSizes.swift */; };
		F877FF9928CA4A7700993040 /* MovieGridCellViewModel.swift in Sources */ = {isa = PBXBuildFile; fileRef = F877FF9828CA4A7700993040 /* MovieGridCellViewModel.swift */; };
		F877FF9C28CA589400993040 /* Animation.swift in Sources */ = {isa = PBXBuildFile; fileRef = F877FF9B28CA589400993040 /* Animation.swift */; };
		F877FF9F28CA595B00993040 /* ImageFileManager.swift in Sources */ = {isa = PBXBuildFile; fileRef = F877FF9E28CA595B00993040 /* ImageFileManager.swift */; };
		F8EFA7DE28CB8E060082842C /* MovieListViewModel.swift in Sources */ = {isa = PBXBuildFile; fileRef = F8EFA7DD28CB8E060082842C /* MovieListViewModel.swift */; };
		F8EFA7E028CB95E70082842C /* HomeMovieListView.swift in Sources */ = {isa = PBXBuildFile; fileRef = F8EFA7DF28CB95E70082842C /* HomeMovieListView.swift */; };
		F8EFA7E328CB99C20082842C /* View.swift in Sources */ = {isa = PBXBuildFile; fileRef = F8EFA7E228CB99C20082842C /* View.swift */; };
		F8EFA7E528CB9D770082842C /* PreviewExampleData.swift in Sources */ = {isa = PBXBuildFile; fileRef = F8EFA7E428CB9D770082842C /* PreviewExampleData.swift */; };
/* End PBXBuildFile section */

/* Begin PBXContainerItemProxy section */
		F82FB58028C640890017E307 /* PBXContainerItemProxy */ = {
			isa = PBXContainerItemProxy;
			containerPortal = F82FB56728C640880017E307 /* Project object */;
			proxyType = 1;
			remoteGlobalIDString = F82FB56E28C640880017E307;
			remoteInfo = Couch;
		};
		F82FB58A28C640890017E307 /* PBXContainerItemProxy */ = {
			isa = PBXContainerItemProxy;
			containerPortal = F82FB56728C640880017E307 /* Project object */;
			proxyType = 1;
			remoteGlobalIDString = F82FB56E28C640880017E307;
			remoteInfo = Couch;
		};
/* End PBXContainerItemProxy section */

/* Begin PBXFileReference section */
		F82FB56F28C640880017E307 /* Couch.app */ = {isa = PBXFileReference; explicitFileType = wrapper.application; includeInIndex = 0; path = Couch.app; sourceTree = BUILT_PRODUCTS_DIR; };
		F82FB57228C640880017E307 /* CouchApp.swift */ = {isa = PBXFileReference; lastKnownFileType = sourcecode.swift; path = CouchApp.swift; sourceTree = "<group>"; };
		F82FB57428C640880017E307 /* MoviesListView.swift */ = {isa = PBXFileReference; lastKnownFileType = sourcecode.swift; path = MoviesListView.swift; sourceTree = "<group>"; };
		F82FB57628C640880017E307 /* Assets.xcassets */ = {isa = PBXFileReference; lastKnownFileType = folder.assetcatalog; path = Assets.xcassets; sourceTree = "<group>"; };
		F82FB57928C640880017E307 /* Preview Assets.xcassets */ = {isa = PBXFileReference; lastKnownFileType = folder.assetcatalog; path = "Preview Assets.xcassets"; sourceTree = "<group>"; };
		F82FB57F28C640890017E307 /* CouchTests.xctest */ = {isa = PBXFileReference; explicitFileType = wrapper.cfbundle; includeInIndex = 0; path = CouchTests.xctest; sourceTree = BUILT_PRODUCTS_DIR; };
		F82FB58328C640890017E307 /* CouchTests.swift */ = {isa = PBXFileReference; lastKnownFileType = sourcecode.swift; path = CouchTests.swift; sourceTree = "<group>"; };
		F82FB58928C640890017E307 /* CouchUITests.xctest */ = {isa = PBXFileReference; explicitFileType = wrapper.cfbundle; includeInIndex = 0; path = CouchUITests.xctest; sourceTree = BUILT_PRODUCTS_DIR; };
		F82FB58D28C640890017E307 /* CouchUITests.swift */ = {isa = PBXFileReference; lastKnownFileType = sourcecode.swift; path = CouchUITests.swift; sourceTree = "<group>"; };
		F82FB58F28C640890017E307 /* CouchUITestsLaunchTests.swift */ = {isa = PBXFileReference; lastKnownFileType = sourcecode.swift; path = CouchUITestsLaunchTests.swift; sourceTree = "<group>"; };
		F82FB5A428C671BC0017E307 /* HomeView.swift */ = {isa = PBXFileReference; lastKnownFileType = sourcecode.swift; path = HomeView.swift; sourceTree = "<group>"; };
		F82FB5A628C6818D0017E307 /* Constants.swift */ = {isa = PBXFileReference; lastKnownFileType = sourcecode.swift; path = Constants.swift; sourceTree = "<group>"; };
		F82FB5AA28C685740017E307 /* FilterBarView.swift */ = {isa = PBXFileReference; lastKnownFileType = sourcecode.swift; path = FilterBarView.swift; sourceTree = "<group>"; };
		F82FB5AC28C689460017E307 /* HomeViewModel.swift */ = {isa = PBXFileReference; lastKnownFileType = sourcecode.swift; path = HomeViewModel.swift; sourceTree = "<group>"; };
		F82FB5B128C693A00017E307 /* MovieDetailsView.swift */ = {isa = PBXFileReference; lastKnownFileType = sourcecode.swift; path = MovieDetailsView.swift; sourceTree = "<group>"; };
		F82FB5B528C6A33F0017E307 /* UIColors.swift */ = {isa = PBXFileReference; lastKnownFileType = sourcecode.swift; path = UIColors.swift; sourceTree = "<group>"; };
		F82FB5B728C6A3490017E307 /* Texts.swift */ = {isa = PBXFileReference; lastKnownFileType = sourcecode.swift; path = Texts.swift; sourceTree = "<group>"; };
		F82FB5B928C6A3580017E307 /* Symbols.swift */ = {isa = PBXFileReference; lastKnownFileType = sourcecode.swift; path = Symbols.swift; sourceTree = "<group>"; };
		F83A9DBD28CB590D00EEA60E /* Files.swift */ = {isa = PBXFileReference; lastKnownFileType = sourcecode.swift; path = Files.swift; sourceTree = "<group>"; };
		F83A9DBF28CB5C9700EEA60E /* LocalFileManaging.swift */ = {isa = PBXFileReference; lastKnownFileType = sourcecode.swift; path = LocalFileManaging.swift; sourceTree = "<group>"; };
		F84881ED28C798100010AD19 /* MovieModel.swift */ = {isa = PBXFileReference; lastKnownFileType = sourcecode.swift; path = MovieModel.swift; sourceTree = "<group>"; };
		F84881F028C7991C0010AD19 /* MoviesService.swift */ = {isa = PBXFileReference; lastKnownFileType = sourcecode.swift; path = MoviesService.swift; sourceTree = "<group>"; };
		F84881F228C79E090010AD19 /* MoviesResponse.swift */ = {isa = PBXFileReference; lastKnownFileType = sourcecode.swift; path = MoviesResponse.swift; sourceTree = "<group>"; };
		F84881F528C7A0320010AD19 /* NetworkManager.swift */ = {isa = PBXFileReference; lastKnownFileType = sourcecode.swift; path = NetworkManager.swift; sourceTree = "<group>"; };
		F84881F728C7A4750010AD19 /* APIs.swift */ = {isa = PBXFileReference; lastKnownFileType = sourcecode.swift; path = APIs.swift; sourceTree = "<group>"; };
		F84881F928C7A6E10010AD19 /* APIRequest.swift */ = {isa = PBXFileReference; lastKnownFileType = sourcecode.swift; path = APIRequest.swift; sourceTree = "<group>"; };
		F848820128C7D3800010AD19 /* MovieGridCell.swift */ = {isa = PBXFileReference; lastKnownFileType = sourcecode.swift; path = MovieGridCell.swift; sourceTree = "<group>"; };
		F848820328C7D84E0010AD19 /* Errors.swift */ = {isa = PBXFileReference; lastKnownFileType = sourcecode.swift; path = Errors.swift; sourceTree = "<group>"; };
		F877FF9228CA344100993040 /* PaginationManager.swift */ = {isa = PBXFileReference; lastKnownFileType = sourcecode.swift; path = PaginationManager.swift; sourceTree = "<group>"; };
		F877FF9428CA3F9B00993040 /* DownloadImageService.swift */ = {isa = PBXFileReference; lastKnownFileType = sourcecode.swift; path = DownloadImageService.swift; sourceTree = "<group>"; };
		F877FF9628CA48A500993040 /* ImageSizes.swift */ = {isa = PBXFileReference; lastKnownFileType = sourcecode.swift; path = ImageSizes.swift; sourceTree = "<group>"; };
		F877FF9828CA4A7700993040 /* MovieGridCellViewModel.swift */ = {isa = PBXFileReference; lastKnownFileType = sourcecode.swift; path = MovieGridCellViewModel.swift; sourceTree = "<group>"; };
		F877FF9B28CA589400993040 /* Animation.swift */ = {isa = PBXFileReference; lastKnownFileType = sourcecode.swift; path = Animation.swift; sourceTree = "<group>"; };
		F877FF9E28CA595B00993040 /* ImageFileManager.swift */ = {isa = PBXFileReference; lastKnownFileType = sourcecode.swift; path = ImageFileManager.swift; sourceTree = "<group>"; };
		F8EFA7DD28CB8E060082842C /* MovieListViewModel.swift */ = {isa = PBXFileReference; lastKnownFileType = sourcecode.swift; path = MovieListViewModel.swift; sourceTree = "<group>"; };
		F8EFA7DF28CB95E70082842C /* HomeMovieListView.swift */ = {isa = PBXFileReference; lastKnownFileType = sourcecode.swift; path = HomeMovieListView.swift; sourceTree = "<group>"; };
		F8EFA7E228CB99C20082842C /* View.swift */ = {isa = PBXFileReference; lastKnownFileType = sourcecode.swift; path = View.swift; sourceTree = "<group>"; };
		F8EFA7E428CB9D770082842C /* PreviewExampleData.swift */ = {isa = PBXFileReference; lastKnownFileType = sourcecode.swift; path = PreviewExampleData.swift; sourceTree = "<group>"; };
/* End PBXFileReference section */

/* Begin PBXFrameworksBuildPhase section */
		F82FB56C28C640880017E307 /* Frameworks */ = {
			isa = PBXFrameworksBuildPhase;
			buildActionMask = 2147483647;
			files = (
			);
			runOnlyForDeploymentPostprocessing = 0;
		};
		F82FB57C28C640890017E307 /* Frameworks */ = {
			isa = PBXFrameworksBuildPhase;
			buildActionMask = 2147483647;
			files = (
			);
			runOnlyForDeploymentPostprocessing = 0;
		};
		F82FB58628C640890017E307 /* Frameworks */ = {
			isa = PBXFrameworksBuildPhase;
			buildActionMask = 2147483647;
			files = (
			);
			runOnlyForDeploymentPostprocessing = 0;
		};
/* End PBXFrameworksBuildPhase section */

/* Begin PBXGroup section */
		F82FB56628C640880017E307 = {
			isa = PBXGroup;
			children = (
				F82FB57128C640880017E307 /* Couch */,
				F82FB58228C640890017E307 /* CouchTests */,
				F82FB58C28C640890017E307 /* CouchUITests */,
				F82FB57028C640880017E307 /* Products */,
			);
			sourceTree = "<group>";
		};
		F82FB57028C640880017E307 /* Products */ = {
			isa = PBXGroup;
			children = (
				F82FB56F28C640880017E307 /* Couch.app */,
				F82FB57F28C640890017E307 /* CouchTests.xctest */,
				F82FB58928C640890017E307 /* CouchUITests.xctest */,
			);
			name = Products;
			sourceTree = "<group>";
		};
		F82FB57128C640880017E307 /* Couch */ = {
			isa = PBXGroup;
			children = (
				F82FB5B028C693750017E307 /* Details */,
				F82FB5A328C671AB0017E307 /* Home */,
				F82FB5A928C685490017E307 /* Reusable Views */,
				F84881F428C7A0070010AD19 /* Network */,
				F877FF9D28CA594100993040 /* Local Data */,
				F877FF9A28CA587D00993040 /* Extensions */,
				F877FFA128CA660A00993040 /* Localizables */,
				F82FB5B428C6A3140017E307 /* Constants */,
				F82FB57228C640880017E307 /* CouchApp.swift */,
				F82FB57628C640880017E307 /* Assets.xcassets */,
				F82FB57828C640880017E307 /* Preview Content */,
			);
			path = Couch;
			sourceTree = "<group>";
		};
		F82FB57828C640880017E307 /* Preview Content */ = {
			isa = PBXGroup;
			children = (
				F82FB57928C640880017E307 /* Preview Assets.xcassets */,
				F8EFA7E428CB9D770082842C /* PreviewExampleData.swift */,
			);
			path = "Preview Content";
			sourceTree = "<group>";
		};
		F82FB58228C640890017E307 /* CouchTests */ = {
			isa = PBXGroup;
			children = (
				F82FB58328C640890017E307 /* CouchTests.swift */,
			);
			path = CouchTests;
			sourceTree = "<group>";
		};
		F82FB58C28C640890017E307 /* CouchUITests */ = {
			isa = PBXGroup;
			children = (
				F82FB58D28C640890017E307 /* CouchUITests.swift */,
				F82FB58F28C640890017E307 /* CouchUITestsLaunchTests.swift */,
			);
			path = CouchUITests;
			sourceTree = "<group>";
		};
		F82FB5A328C671AB0017E307 /* Home */ = {
			isa = PBXGroup;
			children = (
				F84881ED28C798100010AD19 /* MovieModel.swift */,
				F82FB5AC28C689460017E307 /* HomeViewModel.swift */,
				F8EFA7E128CB980A0082842C /* Views */,
			);
			path = Home;
			sourceTree = "<group>";
		};
		F82FB5A928C685490017E307 /* Reusable Views */ = {
			isa = PBXGroup;
			children = (
				F877FFA028CA62F900993040 /* MovieGridCell */,
				F82FB57428C640880017E307 /* MoviesListView.swift */,
				F8EFA7DD28CB8E060082842C /* MovieListViewModel.swift */,
				F82FB5AA28C685740017E307 /* FilterBarView.swift */,
			);
			path = "Reusable Views";
			sourceTree = "<group>";
		};
		F82FB5B028C693750017E307 /* Details */ = {
			isa = PBXGroup;
			children = (
				F82FB5B328C693A80017E307 /* Movie */,
			);
			path = Details;
			sourceTree = "<group>";
		};
		F82FB5B328C693A80017E307 /* Movie */ = {
			isa = PBXGroup;
			children = (
				F82FB5B128C693A00017E307 /* MovieDetailsView.swift */,
			);
			path = Movie;
			sourceTree = "<group>";
		};
		F82FB5B428C6A3140017E307 /* Constants */ = {
			isa = PBXGroup;
			children = (
				F82FB5A628C6818D0017E307 /* Constants.swift */,
				F82FB5B528C6A33F0017E307 /* UIColors.swift */,
				F82FB5B728C6A3490017E307 /* Texts.swift */,
				F82FB5B928C6A3580017E307 /* Symbols.swift */,
				F84881F728C7A4750010AD19 /* APIs.swift */,
				F877FF9628CA48A500993040 /* ImageSizes.swift */,
				F83A9DBD28CB590D00EEA60E /* Files.swift */,
			);
			path = Constants;
			sourceTree = "<group>";
		};
		F84881EF28C798F00010AD19 /* Services */ = {
			isa = PBXGroup;
			children = (
				F84881F028C7991C0010AD19 /* MoviesService.swift */,
				F877FF9428CA3F9B00993040 /* DownloadImageService.swift */,
			);
			path = Services;
			sourceTree = "<group>";
		};
		F84881F428C7A0070010AD19 /* Network */ = {
			isa = PBXGroup;
			children = (
				F84881EF28C798F00010AD19 /* Services */,
				F84881F528C7A0320010AD19 /* NetworkManager.swift */,
				F84881F228C79E090010AD19 /* MoviesResponse.swift */,
				F84881F928C7A6E10010AD19 /* APIRequest.swift */,
				F848820328C7D84E0010AD19 /* Errors.swift */,
				F877FF9228CA344100993040 /* PaginationManager.swift */,
			);
			path = Network;
			sourceTree = "<group>";
		};
		F877FF9A28CA587D00993040 /* Extensions */ = {
			isa = PBXGroup;
			children = (
				F877FF9B28CA589400993040 /* Animation.swift */,
				F8EFA7E228CB99C20082842C /* View.swift */,
			);
			path = Extensions;
			sourceTree = "<group>";
		};
		F877FF9D28CA594100993040 /* Local Data */ = {
			isa = PBXGroup;
			children = (
				F83A9DBF28CB5C9700EEA60E /* LocalFileManaging.swift */,
				F877FF9E28CA595B00993040 /* ImageFileManager.swift */,
			);
			path = "Local Data";
			sourceTree = "<group>";
		};
		F877FFA028CA62F900993040 /* MovieGridCell */ = {
			isa = PBXGroup;
			children = (
				F877FF9828CA4A7700993040 /* MovieGridCellViewModel.swift */,
				F848820128C7D3800010AD19 /* MovieGridCell.swift */,
			);
			path = MovieGridCell;
			sourceTree = "<group>";
		};
		F877FFA128CA660A00993040 /* Localizables */ = {
			isa = PBXGroup;
			children = (
			);
			path = Localizables;
			sourceTree = "<group>";
		};
		F8EFA7E128CB980A0082842C /* Views */ = {
			isa = PBXGroup;
			children = (
				F82FB5A428C671BC0017E307 /* HomeView.swift */,
				F8EFA7DF28CB95E70082842C /* HomeMovieListView.swift */,
			);
			path = Views;
			sourceTree = "<group>";
		};
/* End PBXGroup section */

/* Begin PBXNativeTarget section */
		F82FB56E28C640880017E307 /* Couch */ = {
			isa = PBXNativeTarget;
			buildConfigurationList = F82FB59328C640890017E307 /* Build configuration list for PBXNativeTarget "Couch" */;
			buildPhases = (
				F82FB56B28C640880017E307 /* Sources */,
				F82FB56C28C640880017E307 /* Frameworks */,
				F82FB56D28C640880017E307 /* Resources */,
			);
			buildRules = (
			);
			dependencies = (
			);
			name = Couch;
			productName = Couch;
			productReference = F82FB56F28C640880017E307 /* Couch.app */;
			productType = "com.apple.product-type.application";
		};
		F82FB57E28C640890017E307 /* CouchTests */ = {
			isa = PBXNativeTarget;
			buildConfigurationList = F82FB59628C640890017E307 /* Build configuration list for PBXNativeTarget "CouchTests" */;
			buildPhases = (
				F82FB57B28C640890017E307 /* Sources */,
				F82FB57C28C640890017E307 /* Frameworks */,
				F82FB57D28C640890017E307 /* Resources */,
			);
			buildRules = (
			);
			dependencies = (
				F82FB58128C640890017E307 /* PBXTargetDependency */,
			);
			name = CouchTests;
			productName = CouchTests;
			productReference = F82FB57F28C640890017E307 /* CouchTests.xctest */;
			productType = "com.apple.product-type.bundle.unit-test";
		};
		F82FB58828C640890017E307 /* CouchUITests */ = {
			isa = PBXNativeTarget;
			buildConfigurationList = F82FB59928C640890017E307 /* Build configuration list for PBXNativeTarget "CouchUITests" */;
			buildPhases = (
				F82FB58528C640890017E307 /* Sources */,
				F82FB58628C640890017E307 /* Frameworks */,
				F82FB58728C640890017E307 /* Resources */,
			);
			buildRules = (
			);
			dependencies = (
				F82FB58B28C640890017E307 /* PBXTargetDependency */,
			);
			name = CouchUITests;
			productName = CouchUITests;
			productReference = F82FB58928C640890017E307 /* CouchUITests.xctest */;
			productType = "com.apple.product-type.bundle.ui-testing";
		};
/* End PBXNativeTarget section */

/* Begin PBXProject section */
		F82FB56728C640880017E307 /* Project object */ = {
			isa = PBXProject;
			attributes = {
				BuildIndependentTargetsInParallel = 1;
				LastSwiftUpdateCheck = 1330;
				LastUpgradeCheck = 1330;
				TargetAttributes = {
					F82FB56E28C640880017E307 = {
						CreatedOnToolsVersion = 13.3.1;
					};
					F82FB57E28C640890017E307 = {
						CreatedOnToolsVersion = 13.3.1;
						TestTargetID = F82FB56E28C640880017E307;
					};
					F82FB58828C640890017E307 = {
						CreatedOnToolsVersion = 13.3.1;
						TestTargetID = F82FB56E28C640880017E307;
					};
				};
			};
			buildConfigurationList = F82FB56A28C640880017E307 /* Build configuration list for PBXProject "Couch" */;
			compatibilityVersion = "Xcode 13.0";
			developmentRegion = en;
			hasScannedForEncodings = 0;
			knownRegions = (
				en,
				Base,
			);
			mainGroup = F82FB56628C640880017E307;
			productRefGroup = F82FB57028C640880017E307 /* Products */;
			projectDirPath = "";
			projectRoot = "";
			targets = (
				F82FB56E28C640880017E307 /* Couch */,
				F82FB57E28C640890017E307 /* CouchTests */,
				F82FB58828C640890017E307 /* CouchUITests */,
			);
		};
/* End PBXProject section */

/* Begin PBXResourcesBuildPhase section */
		F82FB56D28C640880017E307 /* Resources */ = {
			isa = PBXResourcesBuildPhase;
			buildActionMask = 2147483647;
			files = (
				F82FB57A28C640880017E307 /* Preview Assets.xcassets in Resources */,
				F82FB57728C640880017E307 /* Assets.xcassets in Resources */,
			);
			runOnlyForDeploymentPostprocessing = 0;
		};
		F82FB57D28C640890017E307 /* Resources */ = {
			isa = PBXResourcesBuildPhase;
			buildActionMask = 2147483647;
			files = (
			);
			runOnlyForDeploymentPostprocessing = 0;
		};
		F82FB58728C640890017E307 /* Resources */ = {
			isa = PBXResourcesBuildPhase;
			buildActionMask = 2147483647;
			files = (
			);
			runOnlyForDeploymentPostprocessing = 0;
		};
/* End PBXResourcesBuildPhase section */

/* Begin PBXSourcesBuildPhase section */
		F82FB56B28C640880017E307 /* Sources */ = {
			isa = PBXSourcesBuildPhase;
			buildActionMask = 2147483647;
			files = (
				F848820228C7D3800010AD19 /* MovieGridCell.swift in Sources */,
				F84881EE28C798100010AD19 /* MovieModel.swift in Sources */,
				F8EFA7E028CB95E70082842C /* HomeMovieListView.swift in Sources */,
				F82FB5A728C6818D0017E307 /* Constants.swift in Sources */,
				F83A9DC028CB5C9700EEA60E /* LocalFileManaging.swift in Sources */,
				F84881F828C7A4750010AD19 /* APIs.swift in Sources */,
				F877FF9C28CA589400993040 /* Animation.swift in Sources */,
				F82FB57528C640880017E307 /* MoviesListView.swift in Sources */,
				F84881F328C79E090010AD19 /* MoviesResponse.swift in Sources */,
				F82FB5B228C693A00017E307 /* MovieDetailsView.swift in Sources */,
				F82FB5BA28C6A3580017E307 /* Symbols.swift in Sources */,
				F8EFA7E528CB9D770082842C /* PreviewExampleData.swift in Sources */,
				F82FB5AD28C689460017E307 /* HomeViewModel.swift in Sources */,
				F82FB5A528C671BC0017E307 /* HomeView.swift in Sources */,
				F82FB57328C640880017E307 /* CouchApp.swift in Sources */,
				F82FB5AB28C685740017E307 /* FilterBarView.swift in Sources */,
				F84881F128C7991C0010AD19 /* MoviesService.swift in Sources */,
				F877FF9928CA4A7700993040 /* MovieGridCellViewModel.swift in Sources */,
				F877FF9328CA344100993040 /* PaginationManager.swift in Sources */,
				F8EFA7DE28CB8E060082842C /* MovieListViewModel.swift in Sources */,
				F84881F628C7A0320010AD19 /* NetworkManager.swift in Sources */,
				F8EFA7E328CB99C20082842C /* View.swift in Sources */,
				F877FF9728CA48A500993040 /* ImageSizes.swift in Sources */,
				F84881FA28C7A6E10010AD19 /* APIRequest.swift in Sources */,
				F848820428C7D84E0010AD19 /* Errors.swift in Sources */,
				F877FF9528CA3F9B00993040 /* DownloadImageService.swift in Sources */,
				F82FB5B828C6A3490017E307 /* Texts.swift in Sources */,
				F83A9DBE28CB590D00EEA60E /* Files.swift in Sources */,
				F82FB5B628C6A33F0017E307 /* UIColors.swift in Sources */,
				F877FF9F28CA595B00993040 /* ImageFileManager.swift in Sources */,
			);
			runOnlyForDeploymentPostprocessing = 0;
		};
		F82FB57B28C640890017E307 /* Sources */ = {
			isa = PBXSourcesBuildPhase;
			buildActionMask = 2147483647;
			files = (
				F82FB58428C640890017E307 /* CouchTests.swift in Sources */,
			);
			runOnlyForDeploymentPostprocessing = 0;
		};
		F82FB58528C640890017E307 /* Sources */ = {
			isa = PBXSourcesBuildPhase;
			buildActionMask = 2147483647;
			files = (
				F82FB58E28C640890017E307 /* CouchUITests.swift in Sources */,
				F82FB59028C640890017E307 /* CouchUITestsLaunchTests.swift in Sources */,
			);
			runOnlyForDeploymentPostprocessing = 0;
		};
/* End PBXSourcesBuildPhase section */

/* Begin PBXTargetDependency section */
		F82FB58128C640890017E307 /* PBXTargetDependency */ = {
			isa = PBXTargetDependency;
			target = F82FB56E28C640880017E307 /* Couch */;
			targetProxy = F82FB58028C640890017E307 /* PBXContainerItemProxy */;
		};
		F82FB58B28C640890017E307 /* PBXTargetDependency */ = {
			isa = PBXTargetDependency;
			target = F82FB56E28C640880017E307 /* Couch */;
			targetProxy = F82FB58A28C640890017E307 /* PBXContainerItemProxy */;
		};
/* End PBXTargetDependency section */

/* Begin XCBuildConfiguration section */
		F82FB59128C640890017E307 /* Debug */ = {
			isa = XCBuildConfiguration;
			buildSettings = {
				ALWAYS_SEARCH_USER_PATHS = NO;
				CLANG_ANALYZER_NONNULL = YES;
				CLANG_ANALYZER_NUMBER_OBJECT_CONVERSION = YES_AGGRESSIVE;
				CLANG_CXX_LANGUAGE_STANDARD = "gnu++17";
				CLANG_ENABLE_MODULES = YES;
				CLANG_ENABLE_OBJC_ARC = YES;
				CLANG_ENABLE_OBJC_WEAK = YES;
				CLANG_WARN_BLOCK_CAPTURE_AUTORELEASING = YES;
				CLANG_WARN_BOOL_CONVERSION = YES;
				CLANG_WARN_COMMA = YES;
				CLANG_WARN_CONSTANT_CONVERSION = YES;
				CLANG_WARN_DEPRECATED_OBJC_IMPLEMENTATIONS = YES;
				CLANG_WARN_DIRECT_OBJC_ISA_USAGE = YES_ERROR;
				CLANG_WARN_DOCUMENTATION_COMMENTS = YES;
				CLANG_WARN_EMPTY_BODY = YES;
				CLANG_WARN_ENUM_CONVERSION = YES;
				CLANG_WARN_INFINITE_RECURSION = YES;
				CLANG_WARN_INT_CONVERSION = YES;
				CLANG_WARN_NON_LITERAL_NULL_CONVERSION = YES;
				CLANG_WARN_OBJC_IMPLICIT_RETAIN_SELF = YES;
				CLANG_WARN_OBJC_LITERAL_CONVERSION = YES;
				CLANG_WARN_OBJC_ROOT_CLASS = YES_ERROR;
				CLANG_WARN_QUOTED_INCLUDE_IN_FRAMEWORK_HEADER = YES;
				CLANG_WARN_RANGE_LOOP_ANALYSIS = YES;
				CLANG_WARN_STRICT_PROTOTYPES = YES;
				CLANG_WARN_SUSPICIOUS_MOVE = YES;
				CLANG_WARN_UNGUARDED_AVAILABILITY = YES_AGGRESSIVE;
				CLANG_WARN_UNREACHABLE_CODE = YES;
				CLANG_WARN__DUPLICATE_METHOD_MATCH = YES;
				COPY_PHASE_STRIP = NO;
				DEBUG_INFORMATION_FORMAT = dwarf;
				ENABLE_STRICT_OBJC_MSGSEND = YES;
				ENABLE_TESTABILITY = YES;
				GCC_C_LANGUAGE_STANDARD = gnu11;
				GCC_DYNAMIC_NO_PIC = NO;
				GCC_NO_COMMON_BLOCKS = YES;
				GCC_OPTIMIZATION_LEVEL = 0;
				GCC_PREPROCESSOR_DEFINITIONS = (
					"DEBUG=1",
					"$(inherited)",
				);
				GCC_WARN_64_TO_32_BIT_CONVERSION = YES;
				GCC_WARN_ABOUT_RETURN_TYPE = YES_ERROR;
				GCC_WARN_UNDECLARED_SELECTOR = YES;
				GCC_WARN_UNINITIALIZED_AUTOS = YES_AGGRESSIVE;
				GCC_WARN_UNUSED_FUNCTION = YES;
				GCC_WARN_UNUSED_VARIABLE = YES;
				IPHONEOS_DEPLOYMENT_TARGET = 15.4;
				MTL_ENABLE_DEBUG_INFO = INCLUDE_SOURCE;
				MTL_FAST_MATH = YES;
				ONLY_ACTIVE_ARCH = YES;
				SDKROOT = iphoneos;
				SWIFT_ACTIVE_COMPILATION_CONDITIONS = DEBUG;
				SWIFT_OPTIMIZATION_LEVEL = "-Onone";
			};
			name = Debug;
		};
		F82FB59228C640890017E307 /* Release */ = {
			isa = XCBuildConfiguration;
			buildSettings = {
				ALWAYS_SEARCH_USER_PATHS = NO;
				CLANG_ANALYZER_NONNULL = YES;
				CLANG_ANALYZER_NUMBER_OBJECT_CONVERSION = YES_AGGRESSIVE;
				CLANG_CXX_LANGUAGE_STANDARD = "gnu++17";
				CLANG_ENABLE_MODULES = YES;
				CLANG_ENABLE_OBJC_ARC = YES;
				CLANG_ENABLE_OBJC_WEAK = YES;
				CLANG_WARN_BLOCK_CAPTURE_AUTORELEASING = YES;
				CLANG_WARN_BOOL_CONVERSION = YES;
				CLANG_WARN_COMMA = YES;
				CLANG_WARN_CONSTANT_CONVERSION = YES;
				CLANG_WARN_DEPRECATED_OBJC_IMPLEMENTATIONS = YES;
				CLANG_WARN_DIRECT_OBJC_ISA_USAGE = YES_ERROR;
				CLANG_WARN_DOCUMENTATION_COMMENTS = YES;
				CLANG_WARN_EMPTY_BODY = YES;
				CLANG_WARN_ENUM_CONVERSION = YES;
				CLANG_WARN_INFINITE_RECURSION = YES;
				CLANG_WARN_INT_CONVERSION = YES;
				CLANG_WARN_NON_LITERAL_NULL_CONVERSION = YES;
				CLANG_WARN_OBJC_IMPLICIT_RETAIN_SELF = YES;
				CLANG_WARN_OBJC_LITERAL_CONVERSION = YES;
				CLANG_WARN_OBJC_ROOT_CLASS = YES_ERROR;
				CLANG_WARN_QUOTED_INCLUDE_IN_FRAMEWORK_HEADER = YES;
				CLANG_WARN_RANGE_LOOP_ANALYSIS = YES;
				CLANG_WARN_STRICT_PROTOTYPES = YES;
				CLANG_WARN_SUSPICIOUS_MOVE = YES;
				CLANG_WARN_UNGUARDED_AVAILABILITY = YES_AGGRESSIVE;
				CLANG_WARN_UNREACHABLE_CODE = YES;
				CLANG_WARN__DUPLICATE_METHOD_MATCH = YES;
				COPY_PHASE_STRIP = NO;
				DEBUG_INFORMATION_FORMAT = "dwarf-with-dsym";
				ENABLE_NS_ASSERTIONS = NO;
				ENABLE_STRICT_OBJC_MSGSEND = YES;
				GCC_C_LANGUAGE_STANDARD = gnu11;
				GCC_NO_COMMON_BLOCKS = YES;
				GCC_WARN_64_TO_32_BIT_CONVERSION = YES;
				GCC_WARN_ABOUT_RETURN_TYPE = YES_ERROR;
				GCC_WARN_UNDECLARED_SELECTOR = YES;
				GCC_WARN_UNINITIALIZED_AUTOS = YES_AGGRESSIVE;
				GCC_WARN_UNUSED_FUNCTION = YES;
				GCC_WARN_UNUSED_VARIABLE = YES;
				IPHONEOS_DEPLOYMENT_TARGET = 15.4;
				MTL_ENABLE_DEBUG_INFO = NO;
				MTL_FAST_MATH = YES;
				SDKROOT = iphoneos;
				SWIFT_COMPILATION_MODE = wholemodule;
				SWIFT_OPTIMIZATION_LEVEL = "-O";
				VALIDATE_PRODUCT = YES;
			};
			name = Release;
		};
		F82FB59428C640890017E307 /* Debug */ = {
			isa = XCBuildConfiguration;
			buildSettings = {
				ASSETCATALOG_COMPILER_APPICON_NAME = AppIcon;
				ASSETCATALOG_COMPILER_GLOBAL_ACCENT_COLOR_NAME = AccentColor;
				CODE_SIGN_STYLE = Automatic;
				CURRENT_PROJECT_VERSION = 1;
				DEVELOPMENT_ASSET_PATHS = "\"Couch/Preview Content\"";
				DEVELOPMENT_TEAM = F6WH3S8GMZ;
				ENABLE_PREVIEWS = YES;
				GENERATE_INFOPLIST_FILE = YES;
				INFOPLIST_KEY_UIApplicationSceneManifest_Generation = YES;
				INFOPLIST_KEY_UIApplicationSupportsIndirectInputEvents = YES;
				INFOPLIST_KEY_UILaunchScreen_Generation = YES;
				INFOPLIST_KEY_UISupportedInterfaceOrientations_iPad = "UIInterfaceOrientationPortrait UIInterfaceOrientationPortraitUpsideDown UIInterfaceOrientationLandscapeLeft UIInterfaceOrientationLandscapeRight";
				INFOPLIST_KEY_UISupportedInterfaceOrientations_iPhone = "UIInterfaceOrientationPortrait UIInterfaceOrientationLandscapeLeft UIInterfaceOrientationLandscapeRight";
				IPHONEOS_DEPLOYMENT_TARGET = 14.0;
				LD_RUNPATH_SEARCH_PATHS = (
					"$(inherited)",
					"@executable_path/Frameworks",
				);
				MARKETING_VERSION = 1.0;
				PRODUCT_BUNDLE_IDENTIFIER = co.MarinaRiad.Couch;
				PRODUCT_NAME = "$(TARGET_NAME)";
				SWIFT_EMIT_LOC_STRINGS = YES;
				SWIFT_VERSION = 5.0;
				TARGETED_DEVICE_FAMILY = "1,2";
			};
			name = Debug;
		};
		F82FB59528C640890017E307 /* Release */ = {
			isa = XCBuildConfiguration;
			buildSettings = {
				ASSETCATALOG_COMPILER_APPICON_NAME = AppIcon;
				ASSETCATALOG_COMPILER_GLOBAL_ACCENT_COLOR_NAME = AccentColor;
				CODE_SIGN_STYLE = Automatic;
				CURRENT_PROJECT_VERSION = 1;
				DEVELOPMENT_ASSET_PATHS = "\"Couch/Preview Content\"";
				DEVELOPMENT_TEAM = F6WH3S8GMZ;
				ENABLE_PREVIEWS = YES;
				GENERATE_INFOPLIST_FILE = YES;
				INFOPLIST_KEY_UIApplicationSceneManifest_Generation = YES;
				INFOPLIST_KEY_UIApplicationSupportsIndirectInputEvents = YES;
				INFOPLIST_KEY_UILaunchScreen_Generation = YES;
				INFOPLIST_KEY_UISupportedInterfaceOrientations_iPad = "UIInterfaceOrientationPortrait UIInterfaceOrientationPortraitUpsideDown UIInterfaceOrientationLandscapeLeft UIInterfaceOrientationLandscapeRight";
				INFOPLIST_KEY_UISupportedInterfaceOrientations_iPhone = "UIInterfaceOrientationPortrait UIInterfaceOrientationLandscapeLeft UIInterfaceOrientationLandscapeRight";
				IPHONEOS_DEPLOYMENT_TARGET = 14.0;
				LD_RUNPATH_SEARCH_PATHS = (
					"$(inherited)",
					"@executable_path/Frameworks",
				);
				MARKETING_VERSION = 1.0;
				PRODUCT_BUNDLE_IDENTIFIER = co.MarinaRiad.Couch;
				PRODUCT_NAME = "$(TARGET_NAME)";
				SWIFT_EMIT_LOC_STRINGS = YES;
				SWIFT_VERSION = 5.0;
				TARGETED_DEVICE_FAMILY = "1,2";
			};
			name = Release;
		};
		F82FB59728C640890017E307 /* Debug */ = {
			isa = XCBuildConfiguration;
			buildSettings = {
				ALWAYS_EMBED_SWIFT_STANDARD_LIBRARIES = YES;
				BUNDLE_LOADER = "$(TEST_HOST)";
				CODE_SIGN_STYLE = Automatic;
				CURRENT_PROJECT_VERSION = 1;
				DEVELOPMENT_TEAM = F6WH3S8GMZ;
				GENERATE_INFOPLIST_FILE = YES;
				IPHONEOS_DEPLOYMENT_TARGET = 15.4;
				MARKETING_VERSION = 1.0;
				PRODUCT_BUNDLE_IDENTIFIER = co.MarinaRiad.CouchTests;
				PRODUCT_NAME = "$(TARGET_NAME)";
				SWIFT_EMIT_LOC_STRINGS = NO;
				SWIFT_VERSION = 5.0;
				TARGETED_DEVICE_FAMILY = "1,2";
				TEST_HOST = "$(BUILT_PRODUCTS_DIR)/Couch.app/Couch";
			};
			name = Debug;
		};
		F82FB59828C640890017E307 /* Release */ = {
			isa = XCBuildConfiguration;
			buildSettings = {
				ALWAYS_EMBED_SWIFT_STANDARD_LIBRARIES = YES;
				BUNDLE_LOADER = "$(TEST_HOST)";
				CODE_SIGN_STYLE = Automatic;
				CURRENT_PROJECT_VERSION = 1;
				DEVELOPMENT_TEAM = F6WH3S8GMZ;
				GENERATE_INFOPLIST_FILE = YES;
				IPHONEOS_DEPLOYMENT_TARGET = 15.4;
				MARKETING_VERSION = 1.0;
				PRODUCT_BUNDLE_IDENTIFIER = co.MarinaRiad.CouchTests;
				PRODUCT_NAME = "$(TARGET_NAME)";
				SWIFT_EMIT_LOC_STRINGS = NO;
				SWIFT_VERSION = 5.0;
				TARGETED_DEVICE_FAMILY = "1,2";
				TEST_HOST = "$(BUILT_PRODUCTS_DIR)/Couch.app/Couch";
			};
			name = Release;
		};
		F82FB59A28C640890017E307 /* Debug */ = {
			isa = XCBuildConfiguration;
			buildSettings = {
				ALWAYS_EMBED_SWIFT_STANDARD_LIBRARIES = YES;
				CODE_SIGN_STYLE = Automatic;
				CURRENT_PROJECT_VERSION = 1;
				DEVELOPMENT_TEAM = F6WH3S8GMZ;
				GENERATE_INFOPLIST_FILE = YES;
				MARKETING_VERSION = 1.0;
				PRODUCT_BUNDLE_IDENTIFIER = co.MarinaRiad.CouchUITests;
				PRODUCT_NAME = "$(TARGET_NAME)";
				SWIFT_EMIT_LOC_STRINGS = NO;
				SWIFT_VERSION = 5.0;
				TARGETED_DEVICE_FAMILY = "1,2";
				TEST_TARGET_NAME = Couch;
			};
			name = Debug;
		};
		F82FB59B28C640890017E307 /* Release */ = {
			isa = XCBuildConfiguration;
			buildSettings = {
				ALWAYS_EMBED_SWIFT_STANDARD_LIBRARIES = YES;
				CODE_SIGN_STYLE = Automatic;
				CURRENT_PROJECT_VERSION = 1;
				DEVELOPMENT_TEAM = F6WH3S8GMZ;
				GENERATE_INFOPLIST_FILE = YES;
				MARKETING_VERSION = 1.0;
				PRODUCT_BUNDLE_IDENTIFIER = co.MarinaRiad.CouchUITests;
				PRODUCT_NAME = "$(TARGET_NAME)";
				SWIFT_EMIT_LOC_STRINGS = NO;
				SWIFT_VERSION = 5.0;
				TARGETED_DEVICE_FAMILY = "1,2";
				TEST_TARGET_NAME = Couch;
			};
			name = Release;
		};
/* End XCBuildConfiguration section */

/* Begin XCConfigurationList section */
		F82FB56A28C640880017E307 /* Build configuration list for PBXProject "Couch" */ = {
			isa = XCConfigurationList;
			buildConfigurations = (
				F82FB59128C640890017E307 /* Debug */,
				F82FB59228C640890017E307 /* Release */,
			);
			defaultConfigurationIsVisible = 0;
			defaultConfigurationName = Release;
		};
		F82FB59328C640890017E307 /* Build configuration list for PBXNativeTarget "Couch" */ = {
			isa = XCConfigurationList;
			buildConfigurations = (
				F82FB59428C640890017E307 /* Debug */,
				F82FB59528C640890017E307 /* Release */,
			);
			defaultConfigurationIsVisible = 0;
			defaultConfigurationName = Release;
		};
		F82FB59628C640890017E307 /* Build configuration list for PBXNativeTarget "CouchTests" */ = {
			isa = XCConfigurationList;
			buildConfigurations = (
				F82FB59728C640890017E307 /* Debug */,
				F82FB59828C640890017E307 /* Release */,
			);
			defaultConfigurationIsVisible = 0;
			defaultConfigurationName = Release;
		};
		F82FB59928C640890017E307 /* Build configuration list for PBXNativeTarget "CouchUITests" */ = {
			isa = XCConfigurationList;
			buildConfigurations = (
				F82FB59A28C640890017E307 /* Debug */,
				F82FB59B28C640890017E307 /* Release */,
			);
			defaultConfigurationIsVisible = 0;
			defaultConfigurationName = Release;
		};
/* End XCConfigurationList section */
	};
	rootObject = F82FB56728C640880017E307 /* Project object */;
}
